// !$*UTF8*$!
{
	archiveVersion = 1;
	classes = {
	};
	objectVersion = 55;
	objects = {

/* Begin PBXBuildFile section */
		FE0C06FE297A420700C83FA4 /* Main.storyboard in Resources */ = {isa = PBXBuildFile; fileRef = FE0C06FD297A420700C83FA4 /* Main.storyboard */; };
		FE0C0700297A421600C83FA4 /* GallaryViewController.swift in Sources */ = {isa = PBXBuildFile; fileRef = FE0C06FF297A421600C83FA4 /* GallaryViewController.swift */; };
		FE0C0703297A425800C83FA4 /* NasaPictureElement.swift in Sources */ = {isa = PBXBuildFile; fileRef = FE0C0702297A425800C83FA4 /* NasaPictureElement.swift */; };
		FE0C0705297A428300C83FA4 /* NasaPictureVM.swift in Sources */ = {isa = PBXBuildFile; fileRef = FE0C0704297A428300C83FA4 /* NasaPictureVM.swift */; };
		FE0C0709297A42FF00C83FA4 /* NasaPictureCollectionView.swift in Sources */ = {isa = PBXBuildFile; fileRef = FE0C0708297A42FF00C83FA4 /* NasaPictureCollectionView.swift */; };
		FE0C070B297A434B00C83FA4 /* PictureCollectionDataSource.swift in Sources */ = {isa = PBXBuildFile; fileRef = FE0C070A297A434B00C83FA4 /* PictureCollectionDataSource.swift */; };
		FE0C070D297A435E00C83FA4 /* PictureUICollectionViewDelegateFlowLayout.swift in Sources */ = {isa = PBXBuildFile; fileRef = FE0C070C297A435E00C83FA4 /* PictureUICollectionViewDelegateFlowLayout.swift */; };
		FE350A822979115C00CE33D5 /* Assets.xcassets in Resources */ = {isa = PBXBuildFile; fileRef = FE350A812979115C00CE33D5 /* Assets.xcassets */; };
		FE350A902979115D00CE33D5 /* NasaGallaryAppTests.swift in Sources */ = {isa = PBXBuildFile; fileRef = FE350A8F2979115D00CE33D5 /* NasaGallaryAppTests.swift */; };
		FE350A9A2979115D00CE33D5 /* NasaGallaryAppUITests.swift in Sources */ = {isa = PBXBuildFile; fileRef = FE350A992979115D00CE33D5 /* NasaGallaryAppUITests.swift */; };
		FE350A9C2979115D00CE33D5 /* NasaGallaryAppUITestsLaunchTests.swift in Sources */ = {isa = PBXBuildFile; fileRef = FE350A9B2979115D00CE33D5 /* NasaGallaryAppUITestsLaunchTests.swift */; };
		FE350AAD297960DA00CE33D5 /* AppDelegate.swift in Sources */ = {isa = PBXBuildFile; fileRef = FE350AAB297960D900CE33D5 /* AppDelegate.swift */; };
		FE350AAE297960DA00CE33D5 /* SceneDelegate.swift in Sources */ = {isa = PBXBuildFile; fileRef = FE350AAC297960DA00CE33D5 /* SceneDelegate.swift */; };
		FE350AB8297964D400CE33D5 /* NetworkHelperConstants.swift in Sources */ = {isa = PBXBuildFile; fileRef = FE350AB7297964D400CE33D5 /* NetworkHelperConstants.swift */; };
		FE350ABA297964F700CE33D5 /* NetworkServiceProtocol.swift in Sources */ = {isa = PBXBuildFile; fileRef = FE350AB9297964F700CE33D5 /* NetworkServiceProtocol.swift */; };
		FE350ABC2979651000CE33D5 /* NewtorkHelper.swift in Sources */ = {isa = PBXBuildFile; fileRef = FE350ABB2979651000CE33D5 /* NewtorkHelper.swift */; };
		FE350ABE2979655A00CE33D5 /* NetworkErrorProtocol.swift in Sources */ = {isa = PBXBuildFile; fileRef = FE350ABD2979655A00CE33D5 /* NetworkErrorProtocol.swift */; };
		FE350AC0297966E300CE33D5 /* AppObserver.swift in Sources */ = {isa = PBXBuildFile; fileRef = FE350ABF297966E300CE33D5 /* AppObserver.swift */; };
		FE350AC229796FE100CE33D5 /* UIView+Loading.swift in Sources */ = {isa = PBXBuildFile; fileRef = FE350AC129796FE100CE33D5 /* UIView+Loading.swift */; };
		FE350AC42979701200CE33D5 /* AppConstants.swift in Sources */ = {isa = PBXBuildFile; fileRef = FE350AC32979701200CE33D5 /* AppConstants.swift */; };
		FE350AC62979705F00CE33D5 /* ViewController+Navigation.swift in Sources */ = {isa = PBXBuildFile; fileRef = FE350AC52979705F00CE33D5 /* ViewController+Navigation.swift */; };
		FE350AC8297978B100CE33D5 /* UIApplicationExtension.swift in Sources */ = {isa = PBXBuildFile; fileRef = FE350AC7297978B100CE33D5 /* UIApplicationExtension.swift */; };
		FE350ACC29797B1500CE33D5 /* ImageViewExtension.swift in Sources */ = {isa = PBXBuildFile; fileRef = FE350ACB29797B1500CE33D5 /* ImageViewExtension.swift */; };
		FE350ADE29797E7800CE33D5 /* LaunchScreen.storyboard in Resources */ = {isa = PBXBuildFile; fileRef = FE350ADD29797E7800CE33D5 /* LaunchScreen.storyboard */; };
		FE350AE829799E0C00CE33D5 /* Others.swift in Sources */ = {isa = PBXBuildFile; fileRef = FE350AE729799E0C00CE33D5 /* Others.swift */; };
/* End PBXBuildFile section */

/* Begin PBXContainerItemProxy section */
		FE350A8C2979115D00CE33D5 /* PBXContainerItemProxy */ = {
			isa = PBXContainerItemProxy;
			containerPortal = FE350A6D2979115600CE33D5 /* Project object */;
			proxyType = 1;
			remoteGlobalIDString = FE350A742979115600CE33D5;
			remoteInfo = NasaGallaryApp;
		};
		FE350A962979115D00CE33D5 /* PBXContainerItemProxy */ = {
			isa = PBXContainerItemProxy;
			containerPortal = FE350A6D2979115600CE33D5 /* Project object */;
			proxyType = 1;
			remoteGlobalIDString = FE350A742979115600CE33D5;
			remoteInfo = NasaGallaryApp;
		};
/* End PBXContainerItemProxy section */

/* Begin PBXFileReference section */
		FE0C06FD297A420700C83FA4 /* Main.storyboard */ = {isa = PBXFileReference; fileEncoding = 4; lastKnownFileType = file.storyboard; path = Main.storyboard; sourceTree = "<group>"; };
		FE0C06FF297A421600C83FA4 /* GallaryViewController.swift */ = {isa = PBXFileReference; lastKnownFileType = sourcecode.swift; path = GallaryViewController.swift; sourceTree = "<group>"; };
		FE0C0702297A425800C83FA4 /* NasaPictureElement.swift */ = {isa = PBXFileReference; lastKnownFileType = sourcecode.swift; path = NasaPictureElement.swift; sourceTree = "<group>"; };
		FE0C0704297A428300C83FA4 /* NasaPictureVM.swift */ = {isa = PBXFileReference; lastKnownFileType = sourcecode.swift; path = NasaPictureVM.swift; sourceTree = "<group>"; };
		FE0C0708297A42FF00C83FA4 /* NasaPictureCollectionView.swift */ = {isa = PBXFileReference; lastKnownFileType = sourcecode.swift; path = NasaPictureCollectionView.swift; sourceTree = "<group>"; };
		FE0C070A297A434B00C83FA4 /* PictureCollectionDataSource.swift */ = {isa = PBXFileReference; lastKnownFileType = sourcecode.swift; path = PictureCollectionDataSource.swift; sourceTree = "<group>"; };
		FE0C070C297A435E00C83FA4 /* PictureUICollectionViewDelegateFlowLayout.swift */ = {isa = PBXFileReference; lastKnownFileType = sourcecode.swift; path = PictureUICollectionViewDelegateFlowLayout.swift; sourceTree = "<group>"; };
		FE350A752979115600CE33D5 /* NasaGallaryApp.app */ = {isa = PBXFileReference; explicitFileType = wrapper.application; includeInIndex = 0; path = NasaGallaryApp.app; sourceTree = BUILT_PRODUCTS_DIR; };
		FE350A812979115C00CE33D5 /* Assets.xcassets */ = {isa = PBXFileReference; lastKnownFileType = folder.assetcatalog; path = Assets.xcassets; sourceTree = "<group>"; };
		FE350A862979115C00CE33D5 /* Info.plist */ = {isa = PBXFileReference; lastKnownFileType = text.plist.xml; path = Info.plist; sourceTree = "<group>"; };
		FE350A8B2979115D00CE33D5 /* NasaGallaryAppTests.xctest */ = {isa = PBXFileReference; explicitFileType = wrapper.cfbundle; includeInIndex = 0; path = NasaGallaryAppTests.xctest; sourceTree = BUILT_PRODUCTS_DIR; };
		FE350A8F2979115D00CE33D5 /* NasaGallaryAppTests.swift */ = {isa = PBXFileReference; lastKnownFileType = sourcecode.swift; path = NasaGallaryAppTests.swift; sourceTree = "<group>"; };
		FE350A952979115D00CE33D5 /* NasaGallaryAppUITests.xctest */ = {isa = PBXFileReference; explicitFileType = wrapper.cfbundle; includeInIndex = 0; path = NasaGallaryAppUITests.xctest; sourceTree = BUILT_PRODUCTS_DIR; };
		FE350A992979115D00CE33D5 /* NasaGallaryAppUITests.swift */ = {isa = PBXFileReference; lastKnownFileType = sourcecode.swift; path = NasaGallaryAppUITests.swift; sourceTree = "<group>"; };
		FE350A9B2979115D00CE33D5 /* NasaGallaryAppUITestsLaunchTests.swift */ = {isa = PBXFileReference; lastKnownFileType = sourcecode.swift; path = NasaGallaryAppUITestsLaunchTests.swift; sourceTree = "<group>"; };
		FE350AAB297960D900CE33D5 /* AppDelegate.swift */ = {isa = PBXFileReference; fileEncoding = 4; lastKnownFileType = sourcecode.swift; path = AppDelegate.swift; sourceTree = "<group>"; };
		FE350AAC297960DA00CE33D5 /* SceneDelegate.swift */ = {isa = PBXFileReference; fileEncoding = 4; lastKnownFileType = sourcecode.swift; path = SceneDelegate.swift; sourceTree = "<group>"; };
		FE350AB7297964D400CE33D5 /* NetworkHelperConstants.swift */ = {isa = PBXFileReference; lastKnownFileType = sourcecode.swift; path = NetworkHelperConstants.swift; sourceTree = "<group>"; };
		FE350AB9297964F700CE33D5 /* NetworkServiceProtocol.swift */ = {isa = PBXFileReference; lastKnownFileType = sourcecode.swift; path = NetworkServiceProtocol.swift; sourceTree = "<group>"; };
		FE350ABB2979651000CE33D5 /* NewtorkHelper.swift */ = {isa = PBXFileReference; lastKnownFileType = sourcecode.swift; path = NewtorkHelper.swift; sourceTree = "<group>"; };
		FE350ABD2979655A00CE33D5 /* NetworkErrorProtocol.swift */ = {isa = PBXFileReference; lastKnownFileType = sourcecode.swift; path = NetworkErrorProtocol.swift; sourceTree = "<group>"; };
		FE350ABF297966E300CE33D5 /* AppObserver.swift */ = {isa = PBXFileReference; lastKnownFileType = sourcecode.swift; path = AppObserver.swift; sourceTree = "<group>"; };
		FE350AC129796FE100CE33D5 /* UIView+Loading.swift */ = {isa = PBXFileReference; lastKnownFileType = sourcecode.swift; path = "UIView+Loading.swift"; sourceTree = "<group>"; };
		FE350AC32979701200CE33D5 /* AppConstants.swift */ = {isa = PBXFileReference; lastKnownFileType = sourcecode.swift; path = AppConstants.swift; sourceTree = "<group>"; };
		FE350AC52979705F00CE33D5 /* ViewController+Navigation.swift */ = {isa = PBXFileReference; lastKnownFileType = sourcecode.swift; path = "ViewController+Navigation.swift"; sourceTree = "<group>"; };
		FE350AC7297978B100CE33D5 /* UIApplicationExtension.swift */ = {isa = PBXFileReference; lastKnownFileType = sourcecode.swift; path = UIApplicationExtension.swift; sourceTree = "<group>"; };
		FE350ACB29797B1500CE33D5 /* ImageViewExtension.swift */ = {isa = PBXFileReference; lastKnownFileType = sourcecode.swift; path = ImageViewExtension.swift; sourceTree = "<group>"; };
		FE350ADD29797E7800CE33D5 /* LaunchScreen.storyboard */ = {isa = PBXFileReference; fileEncoding = 4; lastKnownFileType = file.storyboard; path = LaunchScreen.storyboard; sourceTree = "<group>"; };
		FE350AE729799E0C00CE33D5 /* Others.swift */ = {isa = PBXFileReference; lastKnownFileType = sourcecode.swift; path = Others.swift; sourceTree = "<group>"; };
/* End PBXFileReference section */

/* Begin PBXFrameworksBuildPhase section */
		FE350A722979115600CE33D5 /* Frameworks */ = {
			isa = PBXFrameworksBuildPhase;
			buildActionMask = 2147483647;
			files = (
			);
			runOnlyForDeploymentPostprocessing = 0;
		};
		FE350A882979115D00CE33D5 /* Frameworks */ = {
			isa = PBXFrameworksBuildPhase;
			buildActionMask = 2147483647;
			files = (
			);
			runOnlyForDeploymentPostprocessing = 0;
		};
		FE350A922979115D00CE33D5 /* Frameworks */ = {
			isa = PBXFrameworksBuildPhase;
			buildActionMask = 2147483647;
			files = (
			);
			runOnlyForDeploymentPostprocessing = 0;
		};
/* End PBXFrameworksBuildPhase section */

/* Begin PBXGroup section */
		FE0C06F9297A41C100C83FA4 /* GallaryScreen */ = {
			isa = PBXGroup;
			children = (
				FE0C0706297A429F00C83FA4 /* CollectionView */,
				FE0C06FD297A420700C83FA4 /* Main.storyboard */,
				FE0C06FF297A421600C83FA4 /* GallaryViewController.swift */,
			);
			path = GallaryScreen;
			sourceTree = "<group>";
		};
		FE0C06FA297A41D000C83FA4 /* Model */ = {
			isa = PBXGroup;
			children = (
				FE0C0702297A425800C83FA4 /* NasaPictureElement.swift */,
			);
			path = Model;
			sourceTree = "<group>";
		};
		FE0C06FB297A41DD00C83FA4 /* View */ = {
			isa = PBXGroup;
			children = (
				FE0C06F9297A41C100C83FA4 /* GallaryScreen */,
				FE350ADC29797E7800CE33D5 /* LaunchScreen */,
			);
			path = View;
			sourceTree = "<group>";
		};
		FE0C06FC297A41E700C83FA4 /* ViewModel */ = {
			isa = PBXGroup;
			children = (
				FE0C0704297A428300C83FA4 /* NasaPictureVM.swift */,
			);
			path = ViewModel;
			sourceTree = "<group>";
		};
		FE0C0706297A429F00C83FA4 /* CollectionView */ = {
			isa = PBXGroup;
			children = (
				FE0C0707297A42A700C83FA4 /* CollectionViewCell */,
				FE0C0708297A42FF00C83FA4 /* NasaPictureCollectionView.swift */,
				FE0C070A297A434B00C83FA4 /* PictureCollectionDataSource.swift */,
				FE0C070C297A435E00C83FA4 /* PictureUICollectionViewDelegateFlowLayout.swift */,
			);
			path = CollectionView;
			sourceTree = "<group>";
		};
		FE0C0707297A42A700C83FA4 /* CollectionViewCell */ = {
			isa = PBXGroup;
			children = (
			);
			path = CollectionViewCell;
			sourceTree = "<group>";
		};
		FE350A6C2979115600CE33D5 = {
			isa = PBXGroup;
			children = (
				FE350A772979115600CE33D5 /* NasaGallaryApp */,
				FE350A8E2979115D00CE33D5 /* NasaGallaryAppTests */,
				FE350A982979115D00CE33D5 /* NasaGallaryAppUITests */,
				FE350A762979115600CE33D5 /* Products */,
			);
			sourceTree = "<group>";
		};
		FE350A762979115600CE33D5 /* Products */ = {
			isa = PBXGroup;
			children = (
				FE350A752979115600CE33D5 /* NasaGallaryApp.app */,
				FE350A8B2979115D00CE33D5 /* NasaGallaryAppTests.xctest */,
				FE350A952979115D00CE33D5 /* NasaGallaryAppUITests.xctest */,
			);
			name = Products;
			sourceTree = "<group>";
		};
		FE350A772979115600CE33D5 /* NasaGallaryApp */ = {
			isa = PBXGroup;
			children = (
				FE350AB32979611B00CE33D5 /* Network */,
				FE350AB22979611300CE33D5 /* Helper */,
				FE350AAF297960EC00CE33D5 /* App */,
				FE350AAA2979535600CE33D5 /* Delegate */,
				FE350A812979115C00CE33D5 /* Assets.xcassets */,
				FE350A862979115C00CE33D5 /* Info.plist */,
			);
			path = NasaGallaryApp;
			sourceTree = "<group>";
		};
		FE350A8E2979115D00CE33D5 /* NasaGallaryAppTests */ = {
			isa = PBXGroup;
			children = (
				FE350A8F2979115D00CE33D5 /* NasaGallaryAppTests.swift */,
			);
			path = NasaGallaryAppTests;
			sourceTree = "<group>";
		};
		FE350A982979115D00CE33D5 /* NasaGallaryAppUITests */ = {
			isa = PBXGroup;
			children = (
				FE350A992979115D00CE33D5 /* NasaGallaryAppUITests.swift */,
				FE350A9B2979115D00CE33D5 /* NasaGallaryAppUITestsLaunchTests.swift */,
			);
			path = NasaGallaryAppUITests;
			sourceTree = "<group>";
		};
		FE350AAA2979535600CE33D5 /* Delegate */ = {
			isa = PBXGroup;
			children = (
				FE350AD429797CE600CE33D5 /* AppTransition */,
				FE350AAB297960D900CE33D5 /* AppDelegate.swift */,
				FE350AAC297960DA00CE33D5 /* SceneDelegate.swift */,
			);
			path = Delegate;
			sourceTree = "<group>";
		};
		FE350AAF297960EC00CE33D5 /* App */ = {
			isa = PBXGroup;
			children = (
				FE0C06FC297A41E700C83FA4 /* ViewModel */,
				FE0C06FB297A41DD00C83FA4 /* View */,
				FE0C06FA297A41D000C83FA4 /* Model */,
			);
			path = App;
			sourceTree = "<group>";
		};
		FE350AB22979611300CE33D5 /* Helper */ = {
			isa = PBXGroup;
			children = (
				FE350AB6297964AC00CE33D5 /* Utility */,
				FE350AB5297964A400CE33D5 /* Constants */,
				FE350AB42979649700CE33D5 /* Observer */,
			);
			path = Helper;
			sourceTree = "<group>";
		};
		FE350AB32979611B00CE33D5 /* Network */ = {
			isa = PBXGroup;
			children = (
				FE350AB7297964D400CE33D5 /* NetworkHelperConstants.swift */,
				FE350AB9297964F700CE33D5 /* NetworkServiceProtocol.swift */,
				FE350ABB2979651000CE33D5 /* NewtorkHelper.swift */,
				FE350ABD2979655A00CE33D5 /* NetworkErrorProtocol.swift */,
			);
			path = Network;
			sourceTree = "<group>";
		};
		FE350AB42979649700CE33D5 /* Observer */ = {
			isa = PBXGroup;
			children = (
				FE350ABF297966E300CE33D5 /* AppObserver.swift */,
			);
			path = Observer;
			sourceTree = "<group>";
		};
		FE350AB5297964A400CE33D5 /* Constants */ = {
			isa = PBXGroup;
			children = (
				FE350AC32979701200CE33D5 /* AppConstants.swift */,
			);
			path = Constants;
			sourceTree = "<group>";
		};
		FE350AB6297964AC00CE33D5 /* Utility */ = {
			isa = PBXGroup;
			children = (
				FE350AC129796FE100CE33D5 /* UIView+Loading.swift */,
				FE350AC52979705F00CE33D5 /* ViewController+Navigation.swift */,
				FE350AC7297978B100CE33D5 /* UIApplicationExtension.swift */,
				FE350ACB29797B1500CE33D5 /* ImageViewExtension.swift */,
				FE350AE729799E0C00CE33D5 /* Others.swift */,
			);
			path = Utility;
			sourceTree = "<group>";
		};
		FE350AD429797CE600CE33D5 /* AppTransition */ = {
			isa = PBXGroup;
			children = (
			);
			path = AppTransition;
			sourceTree = "<group>";
		};
		FE350ADC29797E7800CE33D5 /* LaunchScreen */ = {
			isa = PBXGroup;
			children = (
				FE350ADD29797E7800CE33D5 /* LaunchScreen.storyboard */,
			);
			path = LaunchScreen;
			sourceTree = "<group>";
		};
/* End PBXGroup section */

/* Begin PBXNativeTarget section */
		FE350A742979115600CE33D5 /* NasaGallaryApp */ = {
			isa = PBXNativeTarget;
			buildConfigurationList = FE350A9F2979115D00CE33D5 /* Build configuration list for PBXNativeTarget "NasaGallaryApp" */;
			buildPhases = (
				FE350A712979115600CE33D5 /* Sources */,
				FE350A722979115600CE33D5 /* Frameworks */,
				FE350A732979115600CE33D5 /* Resources */,
			);
			buildRules = (
			);
			dependencies = (
			);
			name = NasaGallaryApp;
			productName = NasaGallaryApp;
			productReference = FE350A752979115600CE33D5 /* NasaGallaryApp.app */;
			productType = "com.apple.product-type.application";
		};
		FE350A8A2979115D00CE33D5 /* NasaGallaryAppTests */ = {
			isa = PBXNativeTarget;
			buildConfigurationList = FE350AA22979115D00CE33D5 /* Build configuration list for PBXNativeTarget "NasaGallaryAppTests" */;
			buildPhases = (
				FE350A872979115D00CE33D5 /* Sources */,
				FE350A882979115D00CE33D5 /* Frameworks */,
				FE350A892979115D00CE33D5 /* Resources */,
			);
			buildRules = (
			);
			dependencies = (
				FE350A8D2979115D00CE33D5 /* PBXTargetDependency */,
			);
			name = NasaGallaryAppTests;
			productName = NasaGallaryAppTests;
			productReference = FE350A8B2979115D00CE33D5 /* NasaGallaryAppTests.xctest */;
			productType = "com.apple.product-type.bundle.unit-test";
		};
		FE350A942979115D00CE33D5 /* NasaGallaryAppUITests */ = {
			isa = PBXNativeTarget;
			buildConfigurationList = FE350AA52979115D00CE33D5 /* Build configuration list for PBXNativeTarget "NasaGallaryAppUITests" */;
			buildPhases = (
				FE350A912979115D00CE33D5 /* Sources */,
				FE350A922979115D00CE33D5 /* Frameworks */,
				FE350A932979115D00CE33D5 /* Resources */,
			);
			buildRules = (
			);
			dependencies = (
				FE350A972979115D00CE33D5 /* PBXTargetDependency */,
			);
			name = NasaGallaryAppUITests;
			productName = NasaGallaryAppUITests;
			productReference = FE350A952979115D00CE33D5 /* NasaGallaryAppUITests.xctest */;
			productType = "com.apple.product-type.bundle.ui-testing";
		};
/* End PBXNativeTarget section */

/* Begin PBXProject section */
		FE350A6D2979115600CE33D5 /* Project object */ = {
			isa = PBXProject;
			attributes = {
				BuildIndependentTargetsInParallel = 1;
				LastSwiftUpdateCheck = 1320;
				LastUpgradeCheck = 1320;
				TargetAttributes = {
					FE350A742979115600CE33D5 = {
						CreatedOnToolsVersion = 13.2.1;
					};
					FE350A8A2979115D00CE33D5 = {
						CreatedOnToolsVersion = 13.2.1;
						TestTargetID = FE350A742979115600CE33D5;
					};
					FE350A942979115D00CE33D5 = {
						CreatedOnToolsVersion = 13.2.1;
						TestTargetID = FE350A742979115600CE33D5;
					};
				};
			};
			buildConfigurationList = FE350A702979115600CE33D5 /* Build configuration list for PBXProject "NasaGallaryApp" */;
			compatibilityVersion = "Xcode 13.0";
			developmentRegion = en;
			hasScannedForEncodings = 0;
			knownRegions = (
				en,
				Base,
			);
			mainGroup = FE350A6C2979115600CE33D5;
			productRefGroup = FE350A762979115600CE33D5 /* Products */;
			projectDirPath = "";
			projectRoot = "";
			targets = (
				FE350A742979115600CE33D5 /* NasaGallaryApp */,
				FE350A8A2979115D00CE33D5 /* NasaGallaryAppTests */,
				FE350A942979115D00CE33D5 /* NasaGallaryAppUITests */,
			);
		};
/* End PBXProject section */

/* Begin PBXResourcesBuildPhase section */
		FE350A732979115600CE33D5 /* Resources */ = {
			isa = PBXResourcesBuildPhase;
			buildActionMask = 2147483647;
			files = (
				FE0C06FE297A420700C83FA4 /* Main.storyboard in Resources */,
				FE350ADE29797E7800CE33D5 /* LaunchScreen.storyboard in Resources */,
				FE350A822979115C00CE33D5 /* Assets.xcassets in Resources */,
			);
			runOnlyForDeploymentPostprocessing = 0;
		};
		FE350A892979115D00CE33D5 /* Resources */ = {
			isa = PBXResourcesBuildPhase;
			buildActionMask = 2147483647;
			files = (
			);
			runOnlyForDeploymentPostprocessing = 0;
		};
		FE350A932979115D00CE33D5 /* Resources */ = {
			isa = PBXResourcesBuildPhase;
			buildActionMask = 2147483647;
			files = (
			);
			runOnlyForDeploymentPostprocessing = 0;
		};
/* End PBXResourcesBuildPhase section */

/* Begin PBXSourcesBuildPhase section */
		FE350A712979115600CE33D5 /* Sources */ = {
			isa = PBXSourcesBuildPhase;
			buildActionMask = 2147483647;
			files = (
				FE0C0705297A428300C83FA4 /* NasaPictureVM.swift in Sources */,
				FE350AC8297978B100CE33D5 /* UIApplicationExtension.swift in Sources */,
				FE350AC0297966E300CE33D5 /* AppObserver.swift in Sources */,
				FE0C070D297A435E00C83FA4 /* PictureUICollectionViewDelegateFlowLayout.swift in Sources */,
				FE350AC62979705F00CE33D5 /* ViewController+Navigation.swift in Sources */,
				FE350AAD297960DA00CE33D5 /* AppDelegate.swift in Sources */,
				FE350AE829799E0C00CE33D5 /* Others.swift in Sources */,
				FE350AC229796FE100CE33D5 /* UIView+Loading.swift in Sources */,
				FE350ABC2979651000CE33D5 /* NewtorkHelper.swift in Sources */,
				FE350AB8297964D400CE33D5 /* NetworkHelperConstants.swift in Sources */,
				FE350ACC29797B1500CE33D5 /* ImageViewExtension.swift in Sources */,
				FE0C0709297A42FF00C83FA4 /* NasaPictureCollectionView.swift in Sources */,
				FE350ABA297964F700CE33D5 /* NetworkServiceProtocol.swift in Sources */,
				FE350AAE297960DA00CE33D5 /* SceneDelegate.swift in Sources */,
				FE0C0703297A425800C83FA4 /* NasaPictureElement.swift in Sources */,
				FE350ABE2979655A00CE33D5 /* NetworkErrorProtocol.swift in Sources */,
				FE350AC42979701200CE33D5 /* AppConstants.swift in Sources */,
				FE0C0700297A421600C83FA4 /* GallaryViewController.swift in Sources */,
				FE0C070B297A434B00C83FA4 /* PictureCollectionDataSource.swift in Sources */,
			);
			runOnlyForDeploymentPostprocessing = 0;
		};
		FE350A872979115D00CE33D5 /* Sources */ = {
			isa = PBXSourcesBuildPhase;
			buildActionMask = 2147483647;
			files = (
				FE350A902979115D00CE33D5 /* NasaGallaryAppTests.swift in Sources */,
			);
			runOnlyForDeploymentPostprocessing = 0;
		};
		FE350A912979115D00CE33D5 /* Sources */ = {
			isa = PBXSourcesBuildPhase;
			buildActionMask = 2147483647;
			files = (
				FE350A9C2979115D00CE33D5 /* NasaGallaryAppUITestsLaunchTests.swift in Sources */,
				FE350A9A2979115D00CE33D5 /* NasaGallaryAppUITests.swift in Sources */,
			);
			runOnlyForDeploymentPostprocessing = 0;
		};
/* End PBXSourcesBuildPhase section */

/* Begin PBXTargetDependency section */
		FE350A8D2979115D00CE33D5 /* PBXTargetDependency */ = {
			isa = PBXTargetDependency;
			target = FE350A742979115600CE33D5 /* NasaGallaryApp */;
			targetProxy = FE350A8C2979115D00CE33D5 /* PBXContainerItemProxy */;
		};
		FE350A972979115D00CE33D5 /* PBXTargetDependency */ = {
			isa = PBXTargetDependency;
			target = FE350A742979115600CE33D5 /* NasaGallaryApp */;
			targetProxy = FE350A962979115D00CE33D5 /* PBXContainerItemProxy */;
		};
/* End PBXTargetDependency section */

/* Begin XCBuildConfiguration section */
		FE350A9D2979115D00CE33D5 /* Debug */ = {
			isa = XCBuildConfiguration;
			buildSettings = {
				ALWAYS_SEARCH_USER_PATHS = NO;
				CLANG_ANALYZER_NONNULL = YES;
				CLANG_ANALYZER_NUMBER_OBJECT_CONVERSION = YES_AGGRESSIVE;
				CLANG_CXX_LANGUAGE_STANDARD = "gnu++17";
				CLANG_CXX_LIBRARY = "libc++";
				CLANG_ENABLE_MODULES = YES;
				CLANG_ENABLE_OBJC_ARC = YES;
				CLANG_ENABLE_OBJC_WEAK = YES;
				CLANG_WARN_BLOCK_CAPTURE_AUTORELEASING = YES;
				CLANG_WARN_BOOL_CONVERSION = YES;
				CLANG_WARN_COMMA = YES;
				CLANG_WARN_CONSTANT_CONVERSION = YES;
				CLANG_WARN_DEPRECATED_OBJC_IMPLEMENTATIONS = YES;
				CLANG_WARN_DIRECT_OBJC_ISA_USAGE = YES_ERROR;
				CLANG_WARN_DOCUMENTATION_COMMENTS = YES;
				CLANG_WARN_EMPTY_BODY = YES;
				CLANG_WARN_ENUM_CONVERSION = YES;
				CLANG_WARN_INFINITE_RECURSION = YES;
				CLANG_WARN_INT_CONVERSION = YES;
				CLANG_WARN_NON_LITERAL_NULL_CONVERSION = YES;
				CLANG_WARN_OBJC_IMPLICIT_RETAIN_SELF = YES;
				CLANG_WARN_OBJC_LITERAL_CONVERSION = YES;
				CLANG_WARN_OBJC_ROOT_CLASS = YES_ERROR;
				CLANG_WARN_QUOTED_INCLUDE_IN_FRAMEWORK_HEADER = YES;
				CLANG_WARN_RANGE_LOOP_ANALYSIS = YES;
				CLANG_WARN_STRICT_PROTOTYPES = YES;
				CLANG_WARN_SUSPICIOUS_MOVE = YES;
				CLANG_WARN_UNGUARDED_AVAILABILITY = YES_AGGRESSIVE;
				CLANG_WARN_UNREACHABLE_CODE = YES;
				CLANG_WARN__DUPLICATE_METHOD_MATCH = YES;
				COPY_PHASE_STRIP = NO;
				DEBUG_INFORMATION_FORMAT = dwarf;
				ENABLE_STRICT_OBJC_MSGSEND = YES;
				ENABLE_TESTABILITY = YES;
				GCC_C_LANGUAGE_STANDARD = gnu11;
				GCC_DYNAMIC_NO_PIC = NO;
				GCC_NO_COMMON_BLOCKS = YES;
				GCC_OPTIMIZATION_LEVEL = 0;
				GCC_PREPROCESSOR_DEFINITIONS = (
					"DEBUG=1",
					"$(inherited)",
				);
				GCC_WARN_64_TO_32_BIT_CONVERSION = YES;
				GCC_WARN_ABOUT_RETURN_TYPE = YES_ERROR;
				GCC_WARN_UNDECLARED_SELECTOR = YES;
				GCC_WARN_UNINITIALIZED_AUTOS = YES_AGGRESSIVE;
				GCC_WARN_UNUSED_FUNCTION = YES;
				GCC_WARN_UNUSED_VARIABLE = YES;
				IPHONEOS_DEPLOYMENT_TARGET = 15.2;
				MTL_ENABLE_DEBUG_INFO = INCLUDE_SOURCE;
				MTL_FAST_MATH = YES;
				ONLY_ACTIVE_ARCH = YES;
				SDKROOT = iphoneos;
				SWIFT_ACTIVE_COMPILATION_CONDITIONS = DEBUG;
				SWIFT_OPTIMIZATION_LEVEL = "-Onone";
			};
			name = Debug;
		};
		FE350A9E2979115D00CE33D5 /* Release */ = {
			isa = XCBuildConfiguration;
			buildSettings = {
				ALWAYS_SEARCH_USER_PATHS = NO;
				CLANG_ANALYZER_NONNULL = YES;
				CLANG_ANALYZER_NUMBER_OBJECT_CONVERSION = YES_AGGRESSIVE;
				CLANG_CXX_LANGUAGE_STANDARD = "gnu++17";
				CLANG_CXX_LIBRARY = "libc++";
				CLANG_ENABLE_MODULES = YES;
				CLANG_ENABLE_OBJC_ARC = YES;
				CLANG_ENABLE_OBJC_WEAK = YES;
				CLANG_WARN_BLOCK_CAPTURE_AUTORELEASING = YES;
				CLANG_WARN_BOOL_CONVERSION = YES;
				CLANG_WARN_COMMA = YES;
				CLANG_WARN_CONSTANT_CONVERSION = YES;
				CLANG_WARN_DEPRECATED_OBJC_IMPLEMENTATIONS = YES;
				CLANG_WARN_DIRECT_OBJC_ISA_USAGE = YES_ERROR;
				CLANG_WARN_DOCUMENTATION_COMMENTS = YES;
				CLANG_WARN_EMPTY_BODY = YES;
				CLANG_WARN_ENUM_CONVERSION = YES;
				CLANG_WARN_INFINITE_RECURSION = YES;
				CLANG_WARN_INT_CONVERSION = YES;
				CLANG_WARN_NON_LITERAL_NULL_CONVERSION = YES;
				CLANG_WARN_OBJC_IMPLICIT_RETAIN_SELF = YES;
				CLANG_WARN_OBJC_LITERAL_CONVERSION = YES;
				CLANG_WARN_OBJC_ROOT_CLASS = YES_ERROR;
				CLANG_WARN_QUOTED_INCLUDE_IN_FRAMEWORK_HEADER = YES;
				CLANG_WARN_RANGE_LOOP_ANALYSIS = YES;
				CLANG_WARN_STRICT_PROTOTYPES = YES;
				CLANG_WARN_SUSPICIOUS_MOVE = YES;
				CLANG_WARN_UNGUARDED_AVAILABILITY = YES_AGGRESSIVE;
				CLANG_WARN_UNREACHABLE_CODE = YES;
				CLANG_WARN__DUPLICATE_METHOD_MATCH = YES;
				COPY_PHASE_STRIP = NO;
				DEBUG_INFORMATION_FORMAT = "dwarf-with-dsym";
				ENABLE_NS_ASSERTIONS = NO;
				ENABLE_STRICT_OBJC_MSGSEND = YES;
				GCC_C_LANGUAGE_STANDARD = gnu11;
				GCC_NO_COMMON_BLOCKS = YES;
				GCC_WARN_64_TO_32_BIT_CONVERSION = YES;
				GCC_WARN_ABOUT_RETURN_TYPE = YES_ERROR;
				GCC_WARN_UNDECLARED_SELECTOR = YES;
				GCC_WARN_UNINITIALIZED_AUTOS = YES_AGGRESSIVE;
				GCC_WARN_UNUSED_FUNCTION = YES;
				GCC_WARN_UNUSED_VARIABLE = YES;
				IPHONEOS_DEPLOYMENT_TARGET = 15.2;
				MTL_ENABLE_DEBUG_INFO = NO;
				MTL_FAST_MATH = YES;
				SDKROOT = iphoneos;
				SWIFT_COMPILATION_MODE = wholemodule;
				SWIFT_OPTIMIZATION_LEVEL = "-O";
				VALIDATE_PRODUCT = YES;
			};
			name = Release;
		};
		FE350AA02979115D00CE33D5 /* Debug */ = {
			isa = XCBuildConfiguration;
			buildSettings = {
				ASSETCATALOG_COMPILER_APPICON_NAME = AppIcon;
				ASSETCATALOG_COMPILER_GLOBAL_ACCENT_COLOR_NAME = AccentColor;
				CODE_SIGN_STYLE = Automatic;
				CURRENT_PROJECT_VERSION = 1;
				GENERATE_INFOPLIST_FILE = YES;
				INFOPLIST_FILE = NasaGallaryApp/Info.plist;
				INFOPLIST_KEY_UIApplicationSupportsIndirectInputEvents = YES;
				INFOPLIST_KEY_UILaunchStoryboardName = LaunchScreen;
				INFOPLIST_KEY_UIMainStoryboardFile = Main;
				INFOPLIST_KEY_UIRequiresFullScreen = YES;
				INFOPLIST_KEY_UISupportedInterfaceOrientations = UIInterfaceOrientationPortrait;
				INFOPLIST_KEY_UISupportedInterfaceOrientations_iPad = "UIInterfaceOrientationPortrait UIInterfaceOrientationPortraitUpsideDown UIInterfaceOrientationLandscapeLeft UIInterfaceOrientationLandscapeRight";
				INFOPLIST_KEY_UISupportedInterfaceOrientations_iPhone = "UIInterfaceOrientationPortrait UIInterfaceOrientationLandscapeLeft UIInterfaceOrientationLandscapeRight";
				LD_RUNPATH_SEARCH_PATHS = (
					"$(inherited)",
					"@executable_path/Frameworks",
				);
				MARKETING_VERSION = 1.0;
				PRODUCT_BUNDLE_IDENTIFIER = com.anand.ios.NasaGallaryApp;
				PRODUCT_NAME = "$(TARGET_NAME)";
				SWIFT_EMIT_LOC_STRINGS = YES;
				SWIFT_VERSION = 5.0;
				TARGETED_DEVICE_FAMILY = "1,2";
			};
			name = Debug;
		};
		FE350AA12979115D00CE33D5 /* Release */ = {
			isa = XCBuildConfiguration;
			buildSettings = {
				ASSETCATALOG_COMPILER_APPICON_NAME = AppIcon;
				ASSETCATALOG_COMPILER_GLOBAL_ACCENT_COLOR_NAME = AccentColor;
				CODE_SIGN_STYLE = Automatic;
				CURRENT_PROJECT_VERSION = 1;
				GENERATE_INFOPLIST_FILE = YES;
				INFOPLIST_FILE = NasaGallaryApp/Info.plist;
				INFOPLIST_KEY_UIApplicationSupportsIndirectInputEvents = YES;
				INFOPLIST_KEY_UILaunchStoryboardName = LaunchScreen;
				INFOPLIST_KEY_UIMainStoryboardFile = Main;
				INFOPLIST_KEY_UIRequiresFullScreen = YES;
				INFOPLIST_KEY_UISupportedInterfaceOrientations = UIInterfaceOrientationPortrait;
				INFOPLIST_KEY_UISupportedInterfaceOrientations_iPad = "UIInterfaceOrientationPortrait UIInterfaceOrientationPortraitUpsideDown UIInterfaceOrientationLandscapeLeft UIInterfaceOrientationLandscapeRight";
				INFOPLIST_KEY_UISupportedInterfaceOrientations_iPhone = "UIInterfaceOrientationPortrait UIInterfaceOrientationLandscapeLeft UIInterfaceOrientationLandscapeRight";
				LD_RUNPATH_SEARCH_PATHS = (
					"$(inherited)",
					"@executable_path/Frameworks",
				);
				MARKETING_VERSION = 1.0;
				PRODUCT_BUNDLE_IDENTIFIER = com.anand.ios.NasaGallaryApp;
				PRODUCT_NAME = "$(TARGET_NAME)";
				SWIFT_EMIT_LOC_STRINGS = YES;
				SWIFT_VERSION = 5.0;
				TARGETED_DEVICE_FAMILY = "1,2";
			};
			name = Release;
		};
		FE350AA32979115D00CE33D5 /* Debug */ = {
			isa = XCBuildConfiguration;
			buildSettings = {
				ALWAYS_EMBED_SWIFT_STANDARD_LIBRARIES = YES;
				BUNDLE_LOADER = "$(TEST_HOST)";
				CODE_SIGN_STYLE = Automatic;
				CURRENT_PROJECT_VERSION = 1;
				GENERATE_INFOPLIST_FILE = YES;
				IPHONEOS_DEPLOYMENT_TARGET = 15.2;
				MARKETING_VERSION = 1.0;
				PRODUCT_BUNDLE_IDENTIFIER = com.anand.ios.NasaGallaryAppTests;
				PRODUCT_NAME = "$(TARGET_NAME)";
				SWIFT_EMIT_LOC_STRINGS = NO;
				SWIFT_VERSION = 5.0;
				TARGETED_DEVICE_FAMILY = "1,2";
				TEST_HOST = "$(BUILT_PRODUCTS_DIR)/NasaGallaryApp.app/NasaGallaryApp";
			};
			name = Debug;
		};
		FE350AA42979115D00CE33D5 /* Release */ = {
			isa = XCBuildConfiguration;
			buildSettings = {
				ALWAYS_EMBED_SWIFT_STANDARD_LIBRARIES = YES;
				BUNDLE_LOADER = "$(TEST_HOST)";
				CODE_SIGN_STYLE = Automatic;
				CURRENT_PROJECT_VERSION = 1;
				GENERATE_INFOPLIST_FILE = YES;
				IPHONEOS_DEPLOYMENT_TARGET = 15.2;
				MARKETING_VERSION = 1.0;
				PRODUCT_BUNDLE_IDENTIFIER = com.anand.ios.NasaGallaryAppTests;
				PRODUCT_NAME = "$(TARGET_NAME)";
				SWIFT_EMIT_LOC_STRINGS = NO;
				SWIFT_VERSION = 5.0;
				TARGETED_DEVICE_FAMILY = "1,2";
				TEST_HOST = "$(BUILT_PRODUCTS_DIR)/NasaGallaryApp.app/NasaGallaryApp";
			};
			name = Release;
		};
		FE350AA62979115D00CE33D5 /* Debug */ = {
			isa = XCBuildConfiguration;
			buildSettings = {
				ALWAYS_EMBED_SWIFT_STANDARD_LIBRARIES = YES;
				CODE_SIGN_STYLE = Automatic;
				CURRENT_PROJECT_VERSION = 1;
				GENERATE_INFOPLIST_FILE = YES;
				MARKETING_VERSION = 1.0;
				PRODUCT_BUNDLE_IDENTIFIER = com.anand.ios.NasaGallaryAppUITests;
				PRODUCT_NAME = "$(TARGET_NAME)";
				SWIFT_EMIT_LOC_STRINGS = NO;
				SWIFT_VERSION = 5.0;
				TARGETED_DEVICE_FAMILY = "1,2";
				TEST_TARGET_NAME = NasaGallaryApp;
			};
			name = Debug;
		};
		FE350AA72979115D00CE33D5 /* Release */ = {
			isa = XCBuildConfiguration;
			buildSettings = {
				ALWAYS_EMBED_SWIFT_STANDARD_LIBRARIES = YES;
				CODE_SIGN_STYLE = Automatic;
				CURRENT_PROJECT_VERSION = 1;
				GENERATE_INFOPLIST_FILE = YES;
				MARKETING_VERSION = 1.0;
				PRODUCT_BUNDLE_IDENTIFIER = com.anand.ios.NasaGallaryAppUITests;
				PRODUCT_NAME = "$(TARGET_NAME)";
				SWIFT_EMIT_LOC_STRINGS = NO;
				SWIFT_VERSION = 5.0;
				TARGETED_DEVICE_FAMILY = "1,2";
				TEST_TARGET_NAME = NasaGallaryApp;
			};
			name = Release;
		};
/* End XCBuildConfiguration section */

/* Begin XCConfigurationList section */
		FE350A702979115600CE33D5 /* Build configuration list for PBXProject "NasaGallaryApp" */ = {
			isa = XCConfigurationList;
			buildConfigurations = (
				FE350A9D2979115D00CE33D5 /* Debug */,
				FE350A9E2979115D00CE33D5 /* Release */,
			);
			defaultConfigurationIsVisible = 0;
			defaultConfigurationName = Release;
		};
		FE350A9F2979115D00CE33D5 /* Build configuration list for PBXNativeTarget "NasaGallaryApp" */ = {
			isa = XCConfigurationList;
			buildConfigurations = (
				FE350AA02979115D00CE33D5 /* Debug */,
				FE350AA12979115D00CE33D5 /* Release */,
			);
			defaultConfigurationIsVisible = 0;
			defaultConfigurationName = Release;
		};
		FE350AA22979115D00CE33D5 /* Build configuration list for PBXNativeTarget "NasaGallaryAppTests" */ = {
			isa = XCConfigurationList;
			buildConfigurations = (
				FE350AA32979115D00CE33D5 /* Debug */,
				FE350AA42979115D00CE33D5 /* Release */,
			);
			defaultConfigurationIsVisible = 0;
			defaultConfigurationName = Release;
		};
		FE350AA52979115D00CE33D5 /* Build configuration list for PBXNativeTarget "NasaGallaryAppUITests" */ = {
			isa = XCConfigurationList;
			buildConfigurations = (
				FE350AA62979115D00CE33D5 /* Debug */,
				FE350AA72979115D00CE33D5 /* Release */,
			);
			defaultConfigurationIsVisible = 0;
			defaultConfigurationName = Release;
		};
/* End XCConfigurationList section */
	};
	rootObject = FE350A6D2979115600CE33D5 /* Project object */;
}
